
Microsoft Visual Studio Solution File, Format Version 12.00
# Visual Studio Version 16
VisualStudioVersion = 16.0.31515.178
MinimumVisualStudioVersion = 10.0.40219.1
Project("{FAE04EC0-301F-11D3-BF4B-00C04F79EFBC}") = "20210729", "ConsoleApp1\20210729.csproj", "{CB0C910A-95D4-4100-8FC7-D661ABFFE275}"
EndProject
Project("{FAE04EC0-301F-11D3-BF4B-00C04F79EFBC}") = "20210730", "20210730\20210730.csproj", "{45AEB188-CD61-48F6-B9B4-42FB3EC9A9CE}"
EndProject
Project("{FAE04EC0-301F-11D3-BF4B-00C04F79EFBC}") = "20210803", "20210803\20210803.csproj", "{1A68ADC7-E82A-4B19-853A-2D674CA31EA2}"
EndProject
Project("{FAE04EC0-301F-11D3-BF4B-00C04F79EFBC}") = "20210805", "20210805\20210805.csproj", "{D5A024D4-95DD-4D02-BBB0-1D6205B4F94F}"
EndProject
Project("{FAE04EC0-301F-11D3-BF4B-00C04F79EFBC}") = "20210809", "20210809\20210809.csproj", "{3B0C5CFF-4109-465E-8028-5DD73D4CAC0B}"
EndProject
Global
	GlobalSection(SolutionConfigurationPlatforms) = preSolution
		Debug|Any CPU = Debug|Any CPU
		Release|Any CPU = Release|Any CPU
	EndGlobalSection
	GlobalSection(ProjectConfigurationPlatforms) = postSolution
		{CB0C910A-95D4-4100-8FC7-D661ABFFE275}.Debug|Any CPU.ActiveCfg = Debug|Any CPU
		{CB0C910A-95D4-4100-8FC7-D661ABFFE275}.Debug|Any CPU.Build.0 = Debug|Any CPU
		{CB0C910A-95D4-4100-8FC7-D661ABFFE275}.Release|Any CPU.ActiveCfg = Release|Any CPU
		{CB0C910A-95D4-4100-8FC7-D661ABFFE275}.Release|Any CPU.Build.0 = Release|Any CPU
		{45AEB188-CD61-48F6-B9B4-42FB3EC9A9CE}.Debug|Any CPU.ActiveCfg = Debug|Any CPU
		{45AEB188-CD61-48F6-B9B4-42FB3EC9A9CE}.Debug|Any CPU.Build.0 = Debug|Any CPU
		{45AEB188-CD61-48F6-B9B4-42FB3EC9A9CE}.Release|Any CPU.ActiveCfg = Release|Any CPU
		{45AEB188-CD61-48F6-B9B4-42FB3EC9A9CE}.Release|Any CPU.Build.0 = Release|Any CPU
		{1A68ADC7-E82A-4B19-853A-2D674CA31EA2}.Debug|Any CPU.ActiveCfg = Debug|Any CPU
		{1A68ADC7-E82A-4B19-853A-2D674CA31EA2}.Debug|Any CPU.Build.0 = Debug|Any CPU
		{1A68ADC7-E82A-4B19-853A-2D674CA31EA2}.Release|Any CPU.ActiveCfg = Release|Any CPU
		{1A68ADC7-E82A-4B19-853A-2D674CA31EA2}.Release|Any CPU.Build.0 = Release|Any CPU
		{D5A024D4-95DD-4D02-BBB0-1D6205B4F94F}.Debug|Any CPU.ActiveCfg = Debug|Any CPU
		{D5A024D4-95DD-4D02-BBB0-1D6205B4F94F}.Debug|Any CPU.Build.0 = Debug|Any CPU
		{D5A024D4-95DD-4D02-BBB0-1D6205B4F94F}.Release|Any CPU.ActiveCfg = Release|Any CPU
		{D5A024D4-95DD-4D02-BBB0-1D6205B4F94F}.Release|Any CPU.Build.0 = Release|Any CPU
		{3B0C5CFF-4109-465E-8028-5DD73D4CAC0B}.Debug|Any CPU.ActiveCfg = Debug|Any CPU
		{3B0C5CFF-4109-465E-8028-5DD73D4CAC0B}.Debug|Any CPU.Build.0 = Debug|Any CPU
		{3B0C5CFF-4109-465E-8028-5DD73D4CAC0B}.Release|Any CPU.ActiveCfg = Release|Any CPU
		{3B0C5CFF-4109-465E-8028-5DD73D4CAC0B}.Release|Any CPU.Build.0 = Release|Any CPU
	EndGlobalSection
	GlobalSection(SolutionProperties) = preSolution
		HideSolutionNode = FALSE
	EndGlobalSection
	GlobalSection(ExtensibilityGlobals) = postSolution
		SolutionGuid = {D073003E-755F-47DE-BD72-B262599AAE5F}
	EndGlobalSection
EndGlobal
